
Microsoft Visual Studio Solution File, Format Version 12.00
# Visual Studio Version 17
VisualStudioVersion = 17.11.35201.85
MinimumVisualStudioVersion = 10.0.40219.1
Project("{9A19103F-16F7-4668-BE54-9A1E7A4F7556}") = "StandAloneWASM", "StandAloneWASM.csproj", "{7D76EED5-FD4C-428B-A956-EC90964FF095}"
EndProject
Global
	GlobalSection(SolutionConfigurationPlatforms) = preSolution
		Debug|Any CPU = Debug|Any CPU
		Release|Any CPU = Release|Any CPU
	EndGlobalSection
	GlobalSection(ProjectConfigurationPlatforms) = postSolution
		{7D76EED5-FD4C-428B-A956-EC90964FF095}.Debug|Any CPU.ActiveCfg = Debug|Any CPU
		{7D76EED5-FD4C-428B-A956-EC90964FF095}.Debug|Any CPU.Build.0 = Debug|Any CPU
		{7D76EED5-FD4C-428B-A956-EC90964FF095}.Release|Any CPU.ActiveCfg = Release|Any CPU
		{7D76EED5-FD4C-428B-A956-EC90964FF095}.Release|Any CPU.Build.0 = Release|Any CPU
	EndGlobalSection
	GlobalSection(SolutionProperties) = preSolution
		HideSolutionNode = FALSE
	EndGlobalSection
	GlobalSection(ExtensibilityGlobals) = postSolution
		SolutionGuid = {85AA1B3B-FC0A-4FC6-B13D-F1235CDACEB5}
	EndGlobalSection
EndGlobal
